// !$*UTF8*$!
{
	archiveVersion = 1;
	classes = {
	};
	objectVersion = 60;
	objects = {

/* Begin PBXBuildFile section */
		B70D4AC82A3B1ABF00C90991 /* CityDriveApp.swift in Sources */ = {isa = PBXBuildFile; fileRef = B70D4AC72A3B1ABF00C90991 /* CityDriveApp.swift */; };
		B70D4ACA2A3B1ABF00C90991 /* ContentView.swift in Sources */ = {isa = PBXBuildFile; fileRef = B70D4AC92A3B1ABF00C90991 /* ContentView.swift */; };
		B70D4ACC2A3B1AC100C90991 /* Assets.xcassets in Resources */ = {isa = PBXBuildFile; fileRef = B70D4ACB2A3B1AC100C90991 /* Assets.xcassets */; };
		B70D4ACF2A3B1AC100C90991 /* Preview Assets.xcassets in Resources */ = {isa = PBXBuildFile; fileRef = B70D4ACE2A3B1AC100C90991 /* Preview Assets.xcassets */; };
		B71129C32A63BFD700E821FE /* AboutEventsView.swift in Sources */ = {isa = PBXBuildFile; fileRef = B71129C22A63BFD700E821FE /* AboutEventsView.swift */; };
		B71129C72A63D6F700E821FE /* MiddleOrderResponse.swift in Sources */ = {isa = PBXBuildFile; fileRef = B71129C62A63D6F700E821FE /* MiddleOrderResponse.swift */; };
		B71129C92A63D81000E821FE /* MiddleOrder.swift in Sources */ = {isa = PBXBuildFile; fileRef = B71129C82A63D81000E821FE /* MiddleOrder.swift */; };
<<<<<<< HEAD
<<<<<<< Updated upstream
=======
		B72A4A6D2A72D025003D02DA /* MapInteractionPickerView.swift in Sources */ = {isa = PBXBuildFile; fileRef = B72A4A6C2A72D025003D02DA /* MapInteractionPickerView.swift */; };
		B72AE6B82A76E79C0015B139 /* CityDriveTests.swift in Sources */ = {isa = PBXBuildFile; fileRef = B72AE6B72A76E79C0015B139 /* CityDriveTests.swift */; };
>>>>>>> Stashed changes
=======
		B72A4A6D2A72D025003D02DA /* MapInteractionPickerView.swift in Sources */ = {isa = PBXBuildFile; fileRef = B72A4A6C2A72D025003D02DA /* MapInteractionPickerView.swift */; };
>>>>>>> origin/main
		B73DBF982A597BFE006393B6 /* ShortOrder.swift in Sources */ = {isa = PBXBuildFile; fileRef = B73DBF972A597BFE006393B6 /* ShortOrder.swift */; };
		B743CA102A67449500D146CC /* City.swift in Sources */ = {isa = PBXBuildFile; fileRef = B743CA0F2A67449500D146CC /* City.swift */; };
		B75038502A6C075B00D49D4B /* CarView.swift in Sources */ = {isa = PBXBuildFile; fileRef = B750384F2A6C075B00D49D4B /* CarView.swift */; };
		B763DD182A670C74008E20DA /* BonusButtonView.swift in Sources */ = {isa = PBXBuildFile; fileRef = B763DD172A670C74008E20DA /* BonusButtonView.swift */; };
		B763DD1A2A6712B4008E20DA /* BonusBalanceResponse.swift in Sources */ = {isa = PBXBuildFile; fileRef = B763DD192A6712B4008E20DA /* BonusBalanceResponse.swift */; };
		B76678792A72E2F20023ADD3 /* MapInteraction.swift in Sources */ = {isa = PBXBuildFile; fileRef = B76678782A72E2F20023ADD3 /* MapInteraction.swift */; };
		B768608F2A3CE9010010D590 /* SettingView.swift in Sources */ = {isa = PBXBuildFile; fileRef = B768608E2A3CE9010010D590 /* SettingView.swift */; };
		B76860912A3D09230010D590 /* OrderListView.swift in Sources */ = {isa = PBXBuildFile; fileRef = B76860902A3D09230010D590 /* OrderListView.swift */; };
		B76860952A3D8FC70010D590 /* OrderDetailsView.swift in Sources */ = {isa = PBXBuildFile; fileRef = B76860942A3D8FC70010D590 /* OrderDetailsView.swift */; };
		B768609A2A3DA59D0010D590 /* LoginView.swift in Sources */ = {isa = PBXBuildFile; fileRef = B76860992A3DA59D0010D590 /* LoginView.swift */; };
		B76860A12A3DB40F0010D590 /* SmsView.swift in Sources */ = {isa = PBXBuildFile; fileRef = B76860A02A3DB40F0010D590 /* SmsView.swift */; };
		B76860A32A3DB5D20010D590 /* GreenButton.swift in Sources */ = {isa = PBXBuildFile; fileRef = B76860A22A3DB5D20010D590 /* GreenButton.swift */; };
		B76860C72A3E33C00010D590 /* Color.swift in Sources */ = {isa = PBXBuildFile; fileRef = B76860C62A3E33C00010D590 /* Color.swift */; };
		B77A65A02A6C536000E68B75 /* RefreshMapButtonView.swift in Sources */ = {isa = PBXBuildFile; fileRef = B77A659F2A6C536000E68B75 /* RefreshMapButtonView.swift */; };
		B77C11112A483F520042FA54 /* Localizable.xcstrings in Resources */ = {isa = PBXBuildFile; fileRef = B77C11102A483F520042FA54 /* Localizable.xcstrings */; };
		B77E07ED2A6430A700B3DBAC /* LocationCellView.swift in Sources */ = {isa = PBXBuildFile; fileRef = B77E07EC2A6430A700B3DBAC /* LocationCellView.swift */; };
		B7802B472A653A6F004F31CE /* CarStatusResponse.swift in Sources */ = {isa = PBXBuildFile; fileRef = B7802B462A653A6F004F31CE /* CarStatusResponse.swift */; };
		B78587292A6AF16F0002689B /* User.swift in Sources */ = {isa = PBXBuildFile; fileRef = B78587282A6AF16F0002689B /* User.swift */; };
		B785872B2A6AF1A20002689B /* FullUserResponse.swift in Sources */ = {isa = PBXBuildFile; fileRef = B785872A2A6AF1A20002689B /* FullUserResponse.swift */; };
		B785872D2A6B13FE0002689B /* ErrorResponse.swift in Sources */ = {isa = PBXBuildFile; fileRef = B785872C2A6B13FE0002689B /* ErrorResponse.swift */; };
		B785872F2A6B1F610002689B /* UserInfoView.swift in Sources */ = {isa = PBXBuildFile; fileRef = B785872E2A6B1F610002689B /* UserInfoView.swift */; };
		B78587322A6B3F4C0002689B /* MapType.swift in Sources */ = {isa = PBXBuildFile; fileRef = B78587312A6B3F4C0002689B /* MapType.swift */; };
		B797649C2A607383008B6C7E /* AboutPathOrder.swift in Sources */ = {isa = PBXBuildFile; fileRef = B797649B2A607383008B6C7E /* AboutPathOrder.swift */; };
		B797649E2A6073A4008B6C7E /* UserOrder.swift in Sources */ = {isa = PBXBuildFile; fileRef = B797649D2A6073A4008B6C7E /* UserOrder.swift */; };
		B79764A02A607420008B6C7E /* OtherInfoOrder.swift in Sources */ = {isa = PBXBuildFile; fileRef = B797649F2A607420008B6C7E /* OtherInfoOrder.swift */; };
		B79764A22A60746A008B6C7E /* CarOrder.swift in Sources */ = {isa = PBXBuildFile; fileRef = B79764A12A60746A008B6C7E /* CarOrder.swift */; };
		B79764A42A607488008B6C7E /* EventOrder.swift in Sources */ = {isa = PBXBuildFile; fileRef = B79764A32A607488008B6C7E /* EventOrder.swift */; };
		B79DC48F2A5B079300175413 /* AboutUserView.swift in Sources */ = {isa = PBXBuildFile; fileRef = B79DC48E2A5B079300175413 /* AboutUserView.swift */; };
		B79DC4912A5B085800175413 /* OtherInfoView.swift in Sources */ = {isa = PBXBuildFile; fileRef = B79DC4902A5B085800175413 /* OtherInfoView.swift */; };
		B79DC4932A5B0A3100175413 /* AboutCarView.swift in Sources */ = {isa = PBXBuildFile; fileRef = B79DC4922A5B0A3100175413 /* AboutCarView.swift */; };
		B79DC4982A5B127A00175413 /* AboutPathView.swift in Sources */ = {isa = PBXBuildFile; fileRef = B79DC4972A5B127A00175413 /* AboutPathView.swift */; };
		B7A369632A3C69E500B31121 /* MapViewModel.swift in Sources */ = {isa = PBXBuildFile; fileRef = B7A369622A3C69E500B31121 /* MapViewModel.swift */; };
		B7A369652A3C6A1200B31121 /* Car.swift in Sources */ = {isa = PBXBuildFile; fileRef = B7A369642A3C6A1200B31121 /* Car.swift */; };
		B7A369682A3C719200B31121 /* Pin.swift in Sources */ = {isa = PBXBuildFile; fileRef = B7A369672A3C719200B31121 /* Pin.swift */; };
		B7A44FCE2A573F06003FCBD4 /* SwiftKeychainWrapper in Frameworks */ = {isa = PBXBuildFile; productRef = B7A44FCD2A573F06003FCBD4 /* SwiftKeychainWrapper */; };
		B7A44FD02A59509F003FCBD4 /* OrderListResponse.swift in Sources */ = {isa = PBXBuildFile; fileRef = B7A44FCF2A59509F003FCBD4 /* OrderListResponse.swift */; };
		B7A44FD22A5957C0003FCBD4 /* OrdersViewModel.swift in Sources */ = {isa = PBXBuildFile; fileRef = B7A44FD12A5957C0003FCBD4 /* OrdersViewModel.swift */; };
		B7A44FD42A595B69003FCBD4 /* Order.swift in Sources */ = {isa = PBXBuildFile; fileRef = B7A44FD32A595B69003FCBD4 /* Order.swift */; };
<<<<<<< HEAD
<<<<<<< Updated upstream
=======
		B7B253172A6455A3008DAC5C /* MapView.swift in Sources */ = {isa = PBXBuildFile; fileRef = B7B253162A6455A3008DAC5C /* MapView.swift */; };
		B7C48E892A799A9A00D68742 /* SimpleCellView.swift in Sources */ = {isa = PBXBuildFile; fileRef = B7C48E882A799A9A00D68742 /* SimpleCellView.swift */; };
		B7C48E8B2A79B35000D68742 /* LoginViewModel.swift in Sources */ = {isa = PBXBuildFile; fileRef = B7C48E8A2A79B35000D68742 /* LoginViewModel.swift */; };
>>>>>>> Stashed changes
=======
		B7B253172A6455A3008DAC5C /* MapView.swift in Sources */ = {isa = PBXBuildFile; fileRef = B7B253162A6455A3008DAC5C /* MapView.swift */; };
>>>>>>> origin/main
		B7C99B432A504136004A29A8 /* SettingViewModel.swift in Sources */ = {isa = PBXBuildFile; fileRef = B7C99B422A504136004A29A8 /* SettingViewModel.swift */; };
		B7CAC3F92A61D40500E5B271 /* Int.swift in Sources */ = {isa = PBXBuildFile; fileRef = B7CAC3F82A61D40500E5B271 /* Int.swift */; };
		B7CAC3FB2A61D44C00E5B271 /* String.swift in Sources */ = {isa = PBXBuildFile; fileRef = B7CAC3FA2A61D44C00E5B271 /* String.swift */; };
		B7CAC3FD2A61D54900E5B271 /* Double.swift in Sources */ = {isa = PBXBuildFile; fileRef = B7CAC3FC2A61D54900E5B271 /* Double.swift */; };
		B7CDD09B2A3F92390034278B /* JSONParameterEncoder.swift in Sources */ = {isa = PBXBuildFile; fileRef = B7CDD0982A3F92390034278B /* JSONParameterEncoder.swift */; };
		B7CDD09C2A3F92390034278B /* ParameterEncoding.swift in Sources */ = {isa = PBXBuildFile; fileRef = B7CDD0992A3F92390034278B /* ParameterEncoding.swift */; };
		B7CDD09D2A3F92390034278B /* URLParameterEncoder.swift in Sources */ = {isa = PBXBuildFile; fileRef = B7CDD09A2A3F92390034278B /* URLParameterEncoder.swift */; };
		B7CDD0A32A3F92680034278B /* EndpointType.swift in Sources */ = {isa = PBXBuildFile; fileRef = B7CDD09E2A3F92680034278B /* EndpointType.swift */; };
		B7CDD0A42A3F92680034278B /* Router.swift in Sources */ = {isa = PBXBuildFile; fileRef = B7CDD09F2A3F92680034278B /* Router.swift */; };
		B7CDD0A52A3F92680034278B /* HTTPTask.swift in Sources */ = {isa = PBXBuildFile; fileRef = B7CDD0A02A3F92680034278B /* HTTPTask.swift */; };
		B7CDD0A62A3F92680034278B /* HTTPMethod.swift in Sources */ = {isa = PBXBuildFile; fileRef = B7CDD0A12A3F92680034278B /* HTTPMethod.swift */; };
		B7CDD0A72A3F92680034278B /* NetworkRouter.swift in Sources */ = {isa = PBXBuildFile; fileRef = B7CDD0A22A3F92680034278B /* NetworkRouter.swift */; };
		B7CDD0A92A3F94C80034278B /* CityDriveEndpoint.swift in Sources */ = {isa = PBXBuildFile; fileRef = B7CDD0A82A3F94C80034278B /* CityDriveEndpoint.swift */; };
		B7CDD0AD2A3F95FB0034278B /* NetworkManager.swift in Sources */ = {isa = PBXBuildFile; fileRef = B7CDD0AC2A3F95FB0034278B /* NetworkManager.swift */; };
		B7CDD0B22A46FCFA0034278B /* SendPhoneSuccessResponse.swift in Sources */ = {isa = PBXBuildFile; fileRef = B7CDD0B12A46FCF90034278B /* SendPhoneSuccessResponse.swift */; };
		B7CDD0B42A4704EB0034278B /* SendSmsSuccessResponse.swift in Sources */ = {isa = PBXBuildFile; fileRef = B7CDD0B32A4704EB0034278B /* SendSmsSuccessResponse.swift */; };
		B7DB05EF2A59BC6900ACE3BC /* OrderResponse.swift in Sources */ = {isa = PBXBuildFile; fileRef = B7DB05EE2A59BC6900ACE3BC /* OrderResponse.swift */; };
/* End PBXBuildFile section */

/* Begin PBXContainerItemProxy section */
		B72AE6B92A76E79C0015B139 /* PBXContainerItemProxy */ = {
			isa = PBXContainerItemProxy;
			containerPortal = B70D4ABC2A3B1ABF00C90991 /* Project object */;
			proxyType = 1;
			remoteGlobalIDString = B70D4AC32A3B1ABF00C90991;
			remoteInfo = CityDrive;
		};
/* End PBXContainerItemProxy section */

/* Begin PBXFileReference section */
		B70D4AC72A3B1ABF00C90991 /* CityDriveApp.swift */ = {isa = PBXFileReference; lastKnownFileType = sourcecode.swift; path = CityDriveApp.swift; sourceTree = "<group>"; };
		B70D4AC92A3B1ABF00C90991 /* ContentView.swift */ = {isa = PBXFileReference; lastKnownFileType = sourcecode.swift; path = ContentView.swift; sourceTree = "<group>"; };
		B70D4ACB2A3B1AC100C90991 /* Assets.xcassets */ = {isa = PBXFileReference; lastKnownFileType = folder.assetcatalog; path = Assets.xcassets; sourceTree = "<group>"; };
		B70D4ACE2A3B1AC100C90991 /* Preview Assets.xcassets */ = {isa = PBXFileReference; lastKnownFileType = folder.assetcatalog; path = "Preview Assets.xcassets"; sourceTree = "<group>"; };
		B71129C22A63BFD700E821FE /* AboutEventsView.swift */ = {isa = PBXFileReference; lastKnownFileType = sourcecode.swift; path = AboutEventsView.swift; sourceTree = "<group>"; };
		B71129C62A63D6F700E821FE /* MiddleOrderResponse.swift */ = {isa = PBXFileReference; lastKnownFileType = sourcecode.swift; path = MiddleOrderResponse.swift; sourceTree = "<group>"; };
		B71129C82A63D81000E821FE /* MiddleOrder.swift */ = {isa = PBXFileReference; lastKnownFileType = sourcecode.swift; path = MiddleOrder.swift; sourceTree = "<group>"; };
<<<<<<< HEAD
<<<<<<< Updated upstream
=======
		B72A4A6C2A72D025003D02DA /* MapInteractionPickerView.swift */ = {isa = PBXFileReference; lastKnownFileType = sourcecode.swift; path = MapInteractionPickerView.swift; sourceTree = "<group>"; };
		B72AE6B52A76E79C0015B139 /* CityDriveTests.xctest */ = {isa = PBXFileReference; explicitFileType = wrapper.cfbundle; includeInIndex = 0; path = CityDriveTests.xctest; sourceTree = BUILT_PRODUCTS_DIR; };
		B72AE6B72A76E79C0015B139 /* CityDriveTests.swift */ = {isa = PBXFileReference; lastKnownFileType = sourcecode.swift; path = CityDriveTests.swift; sourceTree = "<group>"; };
>>>>>>> Stashed changes
=======
		B72A4A6C2A72D025003D02DA /* MapInteractionPickerView.swift */ = {isa = PBXFileReference; lastKnownFileType = sourcecode.swift; path = MapInteractionPickerView.swift; sourceTree = "<group>"; };
>>>>>>> origin/main
		B73DBF972A597BFE006393B6 /* ShortOrder.swift */ = {isa = PBXFileReference; lastKnownFileType = sourcecode.swift; path = ShortOrder.swift; sourceTree = "<group>"; };
		B743CA0F2A67449500D146CC /* City.swift */ = {isa = PBXFileReference; lastKnownFileType = sourcecode.swift; path = City.swift; sourceTree = "<group>"; };
		B750384D2A6BF44900D49D4B /* Info.plist */ = {isa = PBXFileReference; lastKnownFileType = text.plist.xml; name = Info.plist; path = CityDrive/Resourses/Info.plist; sourceTree = SOURCE_ROOT; };
		B750384F2A6C075B00D49D4B /* CarView.swift */ = {isa = PBXFileReference; lastKnownFileType = sourcecode.swift; path = CarView.swift; sourceTree = "<group>"; };
		B763DD162A670693008E20DA /* CityDrive.app */ = {isa = PBXFileReference; explicitFileType = wrapper.application; includeInIndex = 0; path = CityDrive.app; sourceTree = BUILT_PRODUCTS_DIR; };
		B763DD172A670C74008E20DA /* BonusButtonView.swift */ = {isa = PBXFileReference; lastKnownFileType = sourcecode.swift; path = BonusButtonView.swift; sourceTree = "<group>"; };
		B763DD192A6712B4008E20DA /* BonusBalanceResponse.swift */ = {isa = PBXFileReference; lastKnownFileType = sourcecode.swift; path = BonusBalanceResponse.swift; sourceTree = "<group>"; };
		B76678782A72E2F20023ADD3 /* MapInteraction.swift */ = {isa = PBXFileReference; lastKnownFileType = sourcecode.swift; path = MapInteraction.swift; sourceTree = "<group>"; };
		B768608E2A3CE9010010D590 /* SettingView.swift */ = {isa = PBXFileReference; lastKnownFileType = sourcecode.swift; path = SettingView.swift; sourceTree = "<group>"; };
		B76860902A3D09230010D590 /* OrderListView.swift */ = {isa = PBXFileReference; lastKnownFileType = sourcecode.swift; path = OrderListView.swift; sourceTree = "<group>"; };
		B76860942A3D8FC70010D590 /* OrderDetailsView.swift */ = {isa = PBXFileReference; lastKnownFileType = sourcecode.swift; path = OrderDetailsView.swift; sourceTree = "<group>"; };
		B76860992A3DA59D0010D590 /* LoginView.swift */ = {isa = PBXFileReference; lastKnownFileType = sourcecode.swift; path = LoginView.swift; sourceTree = "<group>"; };
		B76860A02A3DB40F0010D590 /* SmsView.swift */ = {isa = PBXFileReference; lastKnownFileType = sourcecode.swift; path = SmsView.swift; sourceTree = "<group>"; };
		B76860A22A3DB5D20010D590 /* GreenButton.swift */ = {isa = PBXFileReference; lastKnownFileType = sourcecode.swift; path = GreenButton.swift; sourceTree = "<group>"; };
		B76860C62A3E33C00010D590 /* Color.swift */ = {isa = PBXFileReference; fileEncoding = 4; lastKnownFileType = sourcecode.swift; path = Color.swift; sourceTree = "<group>"; };
		B77A659F2A6C536000E68B75 /* RefreshMapButtonView.swift */ = {isa = PBXFileReference; lastKnownFileType = sourcecode.swift; path = RefreshMapButtonView.swift; sourceTree = "<group>"; };
		B77C11102A483F520042FA54 /* Localizable.xcstrings */ = {isa = PBXFileReference; lastKnownFileType = text.json.xcstrings; path = Localizable.xcstrings; sourceTree = "<group>"; };
		B77E07EC2A6430A700B3DBAC /* LocationCellView.swift */ = {isa = PBXFileReference; lastKnownFileType = sourcecode.swift; path = LocationCellView.swift; sourceTree = "<group>"; };
		B7802B462A653A6F004F31CE /* CarStatusResponse.swift */ = {isa = PBXFileReference; lastKnownFileType = sourcecode.swift; path = CarStatusResponse.swift; sourceTree = "<group>"; };
		B78587282A6AF16F0002689B /* User.swift */ = {isa = PBXFileReference; lastKnownFileType = sourcecode.swift; path = User.swift; sourceTree = "<group>"; };
		B785872A2A6AF1A20002689B /* FullUserResponse.swift */ = {isa = PBXFileReference; lastKnownFileType = sourcecode.swift; path = FullUserResponse.swift; sourceTree = "<group>"; };
		B785872C2A6B13FE0002689B /* ErrorResponse.swift */ = {isa = PBXFileReference; lastKnownFileType = sourcecode.swift; path = ErrorResponse.swift; sourceTree = "<group>"; };
		B785872E2A6B1F610002689B /* UserInfoView.swift */ = {isa = PBXFileReference; lastKnownFileType = sourcecode.swift; path = UserInfoView.swift; sourceTree = "<group>"; };
		B78587312A6B3F4C0002689B /* MapType.swift */ = {isa = PBXFileReference; lastKnownFileType = sourcecode.swift; path = MapType.swift; sourceTree = "<group>"; };
		B797649B2A607383008B6C7E /* AboutPathOrder.swift */ = {isa = PBXFileReference; lastKnownFileType = sourcecode.swift; path = AboutPathOrder.swift; sourceTree = "<group>"; };
		B797649D2A6073A4008B6C7E /* UserOrder.swift */ = {isa = PBXFileReference; lastKnownFileType = sourcecode.swift; path = UserOrder.swift; sourceTree = "<group>"; };
		B797649F2A607420008B6C7E /* OtherInfoOrder.swift */ = {isa = PBXFileReference; lastKnownFileType = sourcecode.swift; path = OtherInfoOrder.swift; sourceTree = "<group>"; };
		B79764A12A60746A008B6C7E /* CarOrder.swift */ = {isa = PBXFileReference; lastKnownFileType = sourcecode.swift; path = CarOrder.swift; sourceTree = "<group>"; };
		B79764A32A607488008B6C7E /* EventOrder.swift */ = {isa = PBXFileReference; lastKnownFileType = sourcecode.swift; path = EventOrder.swift; sourceTree = "<group>"; };
		B79DC48E2A5B079300175413 /* AboutUserView.swift */ = {isa = PBXFileReference; lastKnownFileType = sourcecode.swift; path = AboutUserView.swift; sourceTree = "<group>"; };
		B79DC4902A5B085800175413 /* OtherInfoView.swift */ = {isa = PBXFileReference; lastKnownFileType = sourcecode.swift; path = OtherInfoView.swift; sourceTree = "<group>"; };
		B79DC4922A5B0A3100175413 /* AboutCarView.swift */ = {isa = PBXFileReference; lastKnownFileType = sourcecode.swift; path = AboutCarView.swift; sourceTree = "<group>"; };
		B79DC4972A5B127A00175413 /* AboutPathView.swift */ = {isa = PBXFileReference; lastKnownFileType = sourcecode.swift; path = AboutPathView.swift; sourceTree = "<group>"; };
		B7A369622A3C69E500B31121 /* MapViewModel.swift */ = {isa = PBXFileReference; lastKnownFileType = sourcecode.swift; path = MapViewModel.swift; sourceTree = "<group>"; };
		B7A369642A3C6A1200B31121 /* Car.swift */ = {isa = PBXFileReference; lastKnownFileType = sourcecode.swift; path = Car.swift; sourceTree = "<group>"; };
		B7A369672A3C719200B31121 /* Pin.swift */ = {isa = PBXFileReference; lastKnownFileType = sourcecode.swift; path = Pin.swift; sourceTree = "<group>"; };
		B7A44FCF2A59509F003FCBD4 /* OrderListResponse.swift */ = {isa = PBXFileReference; lastKnownFileType = sourcecode.swift; path = OrderListResponse.swift; sourceTree = "<group>"; };
		B7A44FD12A5957C0003FCBD4 /* OrdersViewModel.swift */ = {isa = PBXFileReference; lastKnownFileType = sourcecode.swift; path = OrdersViewModel.swift; sourceTree = "<group>"; };
		B7A44FD32A595B69003FCBD4 /* Order.swift */ = {isa = PBXFileReference; lastKnownFileType = sourcecode.swift; path = Order.swift; sourceTree = "<group>"; };
<<<<<<< HEAD
<<<<<<< Updated upstream
=======
		B7B253162A6455A3008DAC5C /* MapView.swift */ = {isa = PBXFileReference; lastKnownFileType = sourcecode.swift; path = MapView.swift; sourceTree = "<group>"; };
		B7C48E882A799A9A00D68742 /* SimpleCellView.swift */ = {isa = PBXFileReference; lastKnownFileType = sourcecode.swift; path = SimpleCellView.swift; sourceTree = "<group>"; };
		B7C48E8A2A79B35000D68742 /* LoginViewModel.swift */ = {isa = PBXFileReference; lastKnownFileType = sourcecode.swift; path = LoginViewModel.swift; sourceTree = "<group>"; };
>>>>>>> Stashed changes
=======
		B7B253162A6455A3008DAC5C /* MapView.swift */ = {isa = PBXFileReference; lastKnownFileType = sourcecode.swift; path = MapView.swift; sourceTree = "<group>"; };
>>>>>>> origin/main
		B7C99B422A504136004A29A8 /* SettingViewModel.swift */ = {isa = PBXFileReference; lastKnownFileType = sourcecode.swift; path = SettingViewModel.swift; sourceTree = "<group>"; };
		B7CAC3F82A61D40500E5B271 /* Int.swift */ = {isa = PBXFileReference; lastKnownFileType = sourcecode.swift; path = Int.swift; sourceTree = "<group>"; };
		B7CAC3FA2A61D44C00E5B271 /* String.swift */ = {isa = PBXFileReference; lastKnownFileType = sourcecode.swift; path = String.swift; sourceTree = "<group>"; };
		B7CAC3FC2A61D54900E5B271 /* Double.swift */ = {isa = PBXFileReference; lastKnownFileType = sourcecode.swift; path = Double.swift; sourceTree = "<group>"; };
		B7CDD0982A3F92390034278B /* JSONParameterEncoder.swift */ = {isa = PBXFileReference; fileEncoding = 4; lastKnownFileType = sourcecode.swift; path = JSONParameterEncoder.swift; sourceTree = "<group>"; };
		B7CDD0992A3F92390034278B /* ParameterEncoding.swift */ = {isa = PBXFileReference; fileEncoding = 4; lastKnownFileType = sourcecode.swift; path = ParameterEncoding.swift; sourceTree = "<group>"; };
		B7CDD09A2A3F92390034278B /* URLParameterEncoder.swift */ = {isa = PBXFileReference; fileEncoding = 4; lastKnownFileType = sourcecode.swift; path = URLParameterEncoder.swift; sourceTree = "<group>"; };
		B7CDD09E2A3F92680034278B /* EndpointType.swift */ = {isa = PBXFileReference; fileEncoding = 4; lastKnownFileType = sourcecode.swift; path = EndpointType.swift; sourceTree = "<group>"; };
		B7CDD09F2A3F92680034278B /* Router.swift */ = {isa = PBXFileReference; fileEncoding = 4; lastKnownFileType = sourcecode.swift; path = Router.swift; sourceTree = "<group>"; };
		B7CDD0A02A3F92680034278B /* HTTPTask.swift */ = {isa = PBXFileReference; fileEncoding = 4; lastKnownFileType = sourcecode.swift; path = HTTPTask.swift; sourceTree = "<group>"; };
		B7CDD0A12A3F92680034278B /* HTTPMethod.swift */ = {isa = PBXFileReference; fileEncoding = 4; lastKnownFileType = sourcecode.swift; path = HTTPMethod.swift; sourceTree = "<group>"; };
		B7CDD0A22A3F92680034278B /* NetworkRouter.swift */ = {isa = PBXFileReference; fileEncoding = 4; lastKnownFileType = sourcecode.swift; path = NetworkRouter.swift; sourceTree = "<group>"; };
		B7CDD0A82A3F94C80034278B /* CityDriveEndpoint.swift */ = {isa = PBXFileReference; lastKnownFileType = sourcecode.swift; path = CityDriveEndpoint.swift; sourceTree = "<group>"; };
		B7CDD0AC2A3F95FB0034278B /* NetworkManager.swift */ = {isa = PBXFileReference; lastKnownFileType = sourcecode.swift; path = NetworkManager.swift; sourceTree = "<group>"; };
		B7CDD0B12A46FCF90034278B /* SendPhoneSuccessResponse.swift */ = {isa = PBXFileReference; lastKnownFileType = sourcecode.swift; path = SendPhoneSuccessResponse.swift; sourceTree = "<group>"; };
		B7CDD0B32A4704EB0034278B /* SendSmsSuccessResponse.swift */ = {isa = PBXFileReference; lastKnownFileType = sourcecode.swift; path = SendSmsSuccessResponse.swift; sourceTree = "<group>"; };
		B7DB05EE2A59BC6900ACE3BC /* OrderResponse.swift */ = {isa = PBXFileReference; lastKnownFileType = sourcecode.swift; path = OrderResponse.swift; sourceTree = "<group>"; };
/* End PBXFileReference section */

/* Begin PBXFrameworksBuildPhase section */
		B70D4AC12A3B1ABF00C90991 /* Frameworks */ = {
			isa = PBXFrameworksBuildPhase;
			buildActionMask = 2147483647;
			files = (
				B7A44FCE2A573F06003FCBD4 /* SwiftKeychainWrapper in Frameworks */,
			);
			runOnlyForDeploymentPostprocessing = 0;
		};
		B72AE6B22A76E79C0015B139 /* Frameworks */ = {
			isa = PBXFrameworksBuildPhase;
			buildActionMask = 2147483647;
			files = (
			);
			runOnlyForDeploymentPostprocessing = 0;
		};
/* End PBXFrameworksBuildPhase section */

/* Begin PBXGroup section */
		B70D4ABB2A3B1ABF00C90991 = {
			isa = PBXGroup;
			children = (
				B70D4AC62A3B1ABF00C90991 /* CityDrive */,
<<<<<<< HEAD
<<<<<<< Updated upstream
				B79DC48A2A5AA02100175413 /* CityDrive.app */,
=======
				B763DD162A670693008E20DA /* CityDrive.app */,
				B72AE6B52A76E79C0015B139 /* CityDriveTests.xctest */,
				B72AE6B62A76E79C0015B139 /* CityDriveTests */,
>>>>>>> Stashed changes
=======
				B763DD162A670693008E20DA /* CityDrive.app */,
>>>>>>> origin/main
			);
			sourceTree = "<group>";
		};
		B70D4AC62A3B1ABF00C90991 /* CityDrive */ = {
			isa = PBXGroup;
			children = (
				B76860A42A3DB6F90010D590 /* NetworkLayer */,
				B768609B2A3DB27F0010D590 /* Extensions */,
				B7A369612A3C69D400B31121 /* View */,
				B7A369602A3C69CA00B31121 /* Model */,
				B7A3695F2A3C69C300B31121 /* ViewModel */,
				B70D4AC72A3B1ABF00C90991 /* CityDriveApp.swift */,
				B70D4AC92A3B1ABF00C90991 /* ContentView.swift */,
				B70D4AD52A3B1AFF00C90991 /* Resourses */,
			);
			path = CityDrive;
			sourceTree = "<group>";
		};
		B70D4ACD2A3B1AC100C90991 /* Preview Content */ = {
			isa = PBXGroup;
			children = (
				B70D4ACE2A3B1AC100C90991 /* Preview Assets.xcassets */,
			);
			path = "Preview Content";
			sourceTree = "<group>";
		};
		B70D4AD52A3B1AFF00C90991 /* Resourses */ = {
			isa = PBXGroup;
			children = (
				B70D4ACB2A3B1AC100C90991 /* Assets.xcassets */,
				B70D4ACD2A3B1AC100C90991 /* Preview Content */,
				B77C11102A483F520042FA54 /* Localizable.xcstrings */,
				B750384D2A6BF44900D49D4B /* Info.plist */,
			);
			path = Resourses;
			sourceTree = "<group>";
		};
		B72AE6B62A76E79C0015B139 /* CityDriveTests */ = {
			isa = PBXGroup;
			children = (
				B72AE6B72A76E79C0015B139 /* CityDriveTests.swift */,
			);
			path = CityDriveTests;
			sourceTree = "<group>";
		};
		B76860962A3D90940010D590 /* Auth */ = {
			isa = PBXGroup;
			children = (
				B76860992A3DA59D0010D590 /* LoginView.swift */,
				B76860A02A3DB40F0010D590 /* SmsView.swift */,
			);
			path = Auth;
			sourceTree = "<group>";
		};
		B768609B2A3DB27F0010D590 /* Extensions */ = {
			isa = PBXGroup;
			children = (
				B76860C62A3E33C00010D590 /* Color.swift */,
				B7CAC3F82A61D40500E5B271 /* Int.swift */,
				B7CAC3FA2A61D44C00E5B271 /* String.swift */,
				B7CAC3FC2A61D54900E5B271 /* Double.swift */,
			);
			path = Extensions;
			sourceTree = "<group>";
		};
		B76860A42A3DB6F90010D590 /* NetworkLayer */ = {
			isa = PBXGroup;
			children = (
				B7CDD0972A3F92250034278B /* Endpoint */,
				B7CDD0962A3F921D0034278B /* Service */,
				B7CDD0952A3F92150034278B /* Manager */,
				B7CDD0942A3F91E80034278B /* Encoding */,
				B7CDD0932A3F910F0034278B /* Model */,
			);
			path = NetworkLayer;
			sourceTree = "<group>";
		};
		B781C75A2A643E5B0072DEE0 /* Order */ = {
			isa = PBXGroup;
			children = (
				B79DC48E2A5B079300175413 /* AboutUserView.swift */,
				B79DC4902A5B085800175413 /* OtherInfoView.swift */,
				B79DC4922A5B0A3100175413 /* AboutCarView.swift */,
				B79DC4972A5B127A00175413 /* AboutPathView.swift */,
				B71129C22A63BFD700E821FE /* AboutEventsView.swift */,
			);
			path = Order;
			sourceTree = "<group>";
		};
		B78587302A6B3F2E0002689B /* Settings */ = {
			isa = PBXGroup;
			children = (
				B743CA0F2A67449500D146CC /* City.swift */,
				B78587312A6B3F4C0002689B /* MapType.swift */,
				B76678782A72E2F20023ADD3 /* MapInteraction.swift */,
			);
			path = Settings;
			sourceTree = "<group>";
		};
		B797649A2A607368008B6C7E /* Order */ = {
			isa = PBXGroup;
			children = (
				B7A44FD32A595B69003FCBD4 /* Order.swift */,
				B797649B2A607383008B6C7E /* AboutPathOrder.swift */,
				B797649D2A6073A4008B6C7E /* UserOrder.swift */,
				B797649F2A607420008B6C7E /* OtherInfoOrder.swift */,
				B79764A12A60746A008B6C7E /* CarOrder.swift */,
				B79764A32A607488008B6C7E /* EventOrder.swift */,
				B71129C82A63D81000E821FE /* MiddleOrder.swift */,
			);
			path = Order;
			sourceTree = "<group>";
		};
		B7A3695F2A3C69C300B31121 /* ViewModel */ = {
			isa = PBXGroup;
			children = (
				B7A369622A3C69E500B31121 /* MapViewModel.swift */,
				B7C99B422A504136004A29A8 /* SettingViewModel.swift */,
				B7A44FD12A5957C0003FCBD4 /* OrdersViewModel.swift */,
				B7C48E8A2A79B35000D68742 /* LoginViewModel.swift */,
			);
			path = ViewModel;
			sourceTree = "<group>";
		};
		B7A369602A3C69CA00B31121 /* Model */ = {
			isa = PBXGroup;
			children = (
				B78587302A6B3F2E0002689B /* Settings */,
				B797649A2A607368008B6C7E /* Order */,
				B7A369642A3C6A1200B31121 /* Car.swift */,
				B73DBF972A597BFE006393B6 /* ShortOrder.swift */,
				B78587282A6AF16F0002689B /* User.swift */,
			);
			path = Model;
			sourceTree = "<group>";
		};
		B7A369612A3C69D400B31121 /* View */ = {
			isa = PBXGroup;
			children = (
				B781C75A2A643E5B0072DEE0 /* Order */,
				B76860962A3D90940010D590 /* Auth */,
				B7A369662A3C718100B31121 /* Components */,
				B768608E2A3CE9010010D590 /* SettingView.swift */,
				B76860902A3D09230010D590 /* OrderListView.swift */,
				B76860942A3D8FC70010D590 /* OrderDetailsView.swift */,
				B7B253162A6455A3008DAC5C /* MapView.swift */,
				B785872E2A6B1F610002689B /* UserInfoView.swift */,
				B750384F2A6C075B00D49D4B /* CarView.swift */,
			);
			path = View;
			sourceTree = "<group>";
		};
		B7A369662A3C718100B31121 /* Components */ = {
			isa = PBXGroup;
			children = (
				B7A369672A3C719200B31121 /* Pin.swift */,
				B76860A22A3DB5D20010D590 /* GreenButton.swift */,
				B77E07EC2A6430A700B3DBAC /* LocationCellView.swift */,
<<<<<<< HEAD
<<<<<<< Updated upstream
=======
				B763DD172A670C74008E20DA /* BonusButtonView.swift */,
				B77A659F2A6C536000E68B75 /* RefreshMapButtonView.swift */,
				B72A4A6C2A72D025003D02DA /* MapInteractionPickerView.swift */,
				B7C48E882A799A9A00D68742 /* SimpleCellView.swift */,
>>>>>>> Stashed changes
=======
				B763DD172A670C74008E20DA /* BonusButtonView.swift */,
				B77A659F2A6C536000E68B75 /* RefreshMapButtonView.swift */,
				B72A4A6C2A72D025003D02DA /* MapInteractionPickerView.swift */,
>>>>>>> origin/main
			);
			path = Components;
			sourceTree = "<group>";
		};
		B7CDD0932A3F910F0034278B /* Model */ = {
			isa = PBXGroup;
			children = (
				B7CDD0B12A46FCF90034278B /* SendPhoneSuccessResponse.swift */,
				B7CDD0B32A4704EB0034278B /* SendSmsSuccessResponse.swift */,
				B7A44FCF2A59509F003FCBD4 /* OrderListResponse.swift */,
				B7DB05EE2A59BC6900ACE3BC /* OrderResponse.swift */,
				B71129C62A63D6F700E821FE /* MiddleOrderResponse.swift */,
				B7802B462A653A6F004F31CE /* CarStatusResponse.swift */,
				B763DD192A6712B4008E20DA /* BonusBalanceResponse.swift */,
				B785872A2A6AF1A20002689B /* FullUserResponse.swift */,
				B785872C2A6B13FE0002689B /* ErrorResponse.swift */,
			);
			path = Model;
			sourceTree = "<group>";
		};
		B7CDD0942A3F91E80034278B /* Encoding */ = {
			isa = PBXGroup;
			children = (
				B7CDD0982A3F92390034278B /* JSONParameterEncoder.swift */,
				B7CDD0992A3F92390034278B /* ParameterEncoding.swift */,
				B7CDD09A2A3F92390034278B /* URLParameterEncoder.swift */,
			);
			path = Encoding;
			sourceTree = "<group>";
		};
		B7CDD0952A3F92150034278B /* Manager */ = {
			isa = PBXGroup;
			children = (
				B7CDD0AC2A3F95FB0034278B /* NetworkManager.swift */,
			);
			path = Manager;
			sourceTree = "<group>";
		};
		B7CDD0962A3F921D0034278B /* Service */ = {
			isa = PBXGroup;
			children = (
				B7CDD09E2A3F92680034278B /* EndpointType.swift */,
				B7CDD0A12A3F92680034278B /* HTTPMethod.swift */,
				B7CDD0A02A3F92680034278B /* HTTPTask.swift */,
				B7CDD0A22A3F92680034278B /* NetworkRouter.swift */,
				B7CDD09F2A3F92680034278B /* Router.swift */,
			);
			path = Service;
			sourceTree = "<group>";
		};
		B7CDD0972A3F92250034278B /* Endpoint */ = {
			isa = PBXGroup;
			children = (
				B7CDD0A82A3F94C80034278B /* CityDriveEndpoint.swift */,
			);
			path = Endpoint;
			sourceTree = "<group>";
		};
/* End PBXGroup section */

/* Begin PBXNativeTarget section */
		B70D4AC32A3B1ABF00C90991 /* CityDrive */ = {
			isa = PBXNativeTarget;
			buildConfigurationList = B70D4AD22A3B1AC100C90991 /* Build configuration list for PBXNativeTarget "CityDrive" */;
			buildPhases = (
				B70D4AC02A3B1ABF00C90991 /* Sources */,
				B70D4AC12A3B1ABF00C90991 /* Frameworks */,
				B70D4AC22A3B1ABF00C90991 /* Resources */,
			);
			buildRules = (
			);
			dependencies = (
			);
			name = CityDrive;
			packageProductDependencies = (
				B7A44FCD2A573F06003FCBD4 /* SwiftKeychainWrapper */,
			);
			productName = CityDrive;
			productReference = B763DD162A670693008E20DA /* CityDrive.app */;
			productType = "com.apple.product-type.application";
		};
		B72AE6B42A76E79C0015B139 /* CityDriveTests */ = {
			isa = PBXNativeTarget;
			buildConfigurationList = B72AE6BD2A76E79C0015B139 /* Build configuration list for PBXNativeTarget "CityDriveTests" */;
			buildPhases = (
				B72AE6B12A76E79C0015B139 /* Sources */,
				B72AE6B22A76E79C0015B139 /* Frameworks */,
				B72AE6B32A76E79C0015B139 /* Resources */,
			);
			buildRules = (
			);
			dependencies = (
				B72AE6BA2A76E79C0015B139 /* PBXTargetDependency */,
			);
			name = CityDriveTests;
			productName = CityDriveTests;
			productReference = B72AE6B52A76E79C0015B139 /* CityDriveTests.xctest */;
			productType = "com.apple.product-type.bundle.unit-test";
		};
/* End PBXNativeTarget section */

/* Begin PBXProject section */
		B70D4ABC2A3B1ABF00C90991 /* Project object */ = {
			isa = PBXProject;
			attributes = {
				BuildIndependentTargetsInParallel = 1;
				LastSwiftUpdateCheck = 1500;
				LastUpgradeCheck = 1500;
				TargetAttributes = {
					B70D4AC32A3B1ABF00C90991 = {
						CreatedOnToolsVersion = 15.0;
					};
					B72AE6B42A76E79C0015B139 = {
						CreatedOnToolsVersion = 15.0;
						TestTargetID = B70D4AC32A3B1ABF00C90991;
					};
				};
			};
			buildConfigurationList = B70D4ABF2A3B1ABF00C90991 /* Build configuration list for PBXProject "CityDrive" */;
			compatibilityVersion = "Xcode 15.0";
			developmentRegion = en;
			hasScannedForEncodings = 0;
			knownRegions = (
				en,
				Base,
				ru,
			);
			mainGroup = B70D4ABB2A3B1ABF00C90991;
			packageReferences = (
				B7A44FCC2A573F06003FCBD4 /* XCRemoteSwiftPackageReference "SwiftKeychainWrapper" */,
			);
			productRefGroup = B70D4ABB2A3B1ABF00C90991;
			projectDirPath = "";
			projectRoot = "";
			targets = (
				B70D4AC32A3B1ABF00C90991 /* CityDrive */,
				B72AE6B42A76E79C0015B139 /* CityDriveTests */,
			);
		};
/* End PBXProject section */

/* Begin PBXResourcesBuildPhase section */
		B70D4AC22A3B1ABF00C90991 /* Resources */ = {
			isa = PBXResourcesBuildPhase;
			buildActionMask = 2147483647;
			files = (
				B70D4ACF2A3B1AC100C90991 /* Preview Assets.xcassets in Resources */,
				B70D4ACC2A3B1AC100C90991 /* Assets.xcassets in Resources */,
				B77C11112A483F520042FA54 /* Localizable.xcstrings in Resources */,
			);
			runOnlyForDeploymentPostprocessing = 0;
		};
		B72AE6B32A76E79C0015B139 /* Resources */ = {
			isa = PBXResourcesBuildPhase;
			buildActionMask = 2147483647;
			files = (
			);
			runOnlyForDeploymentPostprocessing = 0;
		};
/* End PBXResourcesBuildPhase section */

/* Begin PBXSourcesBuildPhase section */
		B70D4AC02A3B1ABF00C90991 /* Sources */ = {
			isa = PBXSourcesBuildPhase;
			buildActionMask = 2147483647;
			files = (
				B78587292A6AF16F0002689B /* User.swift in Sources */,
				B79764A42A607488008B6C7E /* EventOrder.swift in Sources */,
				B7B253172A6455A3008DAC5C /* MapView.swift in Sources */,
				B76860A32A3DB5D20010D590 /* GreenButton.swift in Sources */,
				B7CAC3FB2A61D44C00E5B271 /* String.swift in Sources */,
				B7CDD0A72A3F92680034278B /* NetworkRouter.swift in Sources */,
				B71129C72A63D6F700E821FE /* MiddleOrderResponse.swift in Sources */,
				B763DD1A2A6712B4008E20DA /* BonusBalanceResponse.swift in Sources */,
				B7CAC3F92A61D40500E5B271 /* Int.swift in Sources */,
				B785872F2A6B1F610002689B /* UserInfoView.swift in Sources */,
				B79DC4912A5B085800175413 /* OtherInfoView.swift in Sources */,
				B7CDD0B42A4704EB0034278B /* SendSmsSuccessResponse.swift in Sources */,
				B79DC48F2A5B079300175413 /* AboutUserView.swift in Sources */,
				B72A4A6D2A72D025003D02DA /* MapInteractionPickerView.swift in Sources */,
				B7A369682A3C719200B31121 /* Pin.swift in Sources */,
				B7CDD0A62A3F92680034278B /* HTTPMethod.swift in Sources */,
				B7CDD0A32A3F92680034278B /* EndpointType.swift in Sources */,
				B78587322A6B3F4C0002689B /* MapType.swift in Sources */,
				B71129C32A63BFD700E821FE /* AboutEventsView.swift in Sources */,
				B76860912A3D09230010D590 /* OrderListView.swift in Sources */,
				B7802B472A653A6F004F31CE /* CarStatusResponse.swift in Sources */,
				B70D4ACA2A3B1ABF00C90991 /* ContentView.swift in Sources */,
				B77A65A02A6C536000E68B75 /* RefreshMapButtonView.swift in Sources */,
				B71129C92A63D81000E821FE /* MiddleOrder.swift in Sources */,
				B79DC4982A5B127A00175413 /* AboutPathView.swift in Sources */,
				B7CDD0A42A3F92680034278B /* Router.swift in Sources */,
				B7CDD09B2A3F92390034278B /* JSONParameterEncoder.swift in Sources */,
				B7C99B432A504136004A29A8 /* SettingViewModel.swift in Sources */,
				B7CDD0B22A46FCFA0034278B /* SendPhoneSuccessResponse.swift in Sources */,
				B76678792A72E2F20023ADD3 /* MapInteraction.swift in Sources */,
				B763DD182A670C74008E20DA /* BonusButtonView.swift in Sources */,
				B76860952A3D8FC70010D590 /* OrderDetailsView.swift in Sources */,
				B743CA102A67449500D146CC /* City.swift in Sources */,
				B76860A12A3DB40F0010D590 /* SmsView.swift in Sources */,
				B76860C72A3E33C00010D590 /* Color.swift in Sources */,
				B70D4AC82A3B1ABF00C90991 /* CityDriveApp.swift in Sources */,
				B7CDD09C2A3F92390034278B /* ParameterEncoding.swift in Sources */,
				B768608F2A3CE9010010D590 /* SettingView.swift in Sources */,
				B7CDD09D2A3F92390034278B /* URLParameterEncoder.swift in Sources */,
				B7A44FD22A5957C0003FCBD4 /* OrdersViewModel.swift in Sources */,
				B7A369652A3C6A1200B31121 /* Car.swift in Sources */,
				B7CDD0A52A3F92680034278B /* HTTPTask.swift in Sources */,
				B7CDD0A92A3F94C80034278B /* CityDriveEndpoint.swift in Sources */,
				B79764A22A60746A008B6C7E /* CarOrder.swift in Sources */,
				B797649E2A6073A4008B6C7E /* UserOrder.swift in Sources */,
				B7CAC3FD2A61D54900E5B271 /* Double.swift in Sources */,
				B79DC4932A5B0A3100175413 /* AboutCarView.swift in Sources */,
<<<<<<< HEAD
<<<<<<< Updated upstream
=======
				B75038502A6C075B00D49D4B /* CarView.swift in Sources */,
				B7C48E8B2A79B35000D68742 /* LoginViewModel.swift in Sources */,
>>>>>>> Stashed changes
=======
				B75038502A6C075B00D49D4B /* CarView.swift in Sources */,
>>>>>>> origin/main
				B77E07ED2A6430A700B3DBAC /* LocationCellView.swift in Sources */,
				B79764A02A607420008B6C7E /* OtherInfoOrder.swift in Sources */,
				B768609A2A3DA59D0010D590 /* LoginView.swift in Sources */,
				B7CDD0AD2A3F95FB0034278B /* NetworkManager.swift in Sources */,
				B797649C2A607383008B6C7E /* AboutPathOrder.swift in Sources */,
				B7A44FD02A59509F003FCBD4 /* OrderListResponse.swift in Sources */,
				B7C48E892A799A9A00D68742 /* SimpleCellView.swift in Sources */,
				B7DB05EF2A59BC6900ACE3BC /* OrderResponse.swift in Sources */,
				B7A369632A3C69E500B31121 /* MapViewModel.swift in Sources */,
				B73DBF982A597BFE006393B6 /* ShortOrder.swift in Sources */,
				B785872D2A6B13FE0002689B /* ErrorResponse.swift in Sources */,
				B785872B2A6AF1A20002689B /* FullUserResponse.swift in Sources */,
				B7A44FD42A595B69003FCBD4 /* Order.swift in Sources */,
			);
			runOnlyForDeploymentPostprocessing = 0;
		};
		B72AE6B12A76E79C0015B139 /* Sources */ = {
			isa = PBXSourcesBuildPhase;
			buildActionMask = 2147483647;
			files = (
				B72AE6B82A76E79C0015B139 /* CityDriveTests.swift in Sources */,
			);
			runOnlyForDeploymentPostprocessing = 0;
		};
/* End PBXSourcesBuildPhase section */

/* Begin PBXTargetDependency section */
		B72AE6BA2A76E79C0015B139 /* PBXTargetDependency */ = {
			isa = PBXTargetDependency;
			target = B70D4AC32A3B1ABF00C90991 /* CityDrive */;
			targetProxy = B72AE6B92A76E79C0015B139 /* PBXContainerItemProxy */;
		};
/* End PBXTargetDependency section */

/* Begin XCBuildConfiguration section */
		B70D4AD02A3B1AC100C90991 /* Debug */ = {
			isa = XCBuildConfiguration;
			buildSettings = {
				ALWAYS_SEARCH_USER_PATHS = NO;
				ASSETCATALOG_COMPILER_GENERATE_SWIFT_ASSET_SYMBOL_EXTENSIONS = YES;
				CLANG_ANALYZER_NONNULL = YES;
				CLANG_ANALYZER_NUMBER_OBJECT_CONVERSION = YES_AGGRESSIVE;
				CLANG_CXX_LANGUAGE_STANDARD = "gnu++20";
				CLANG_ENABLE_MODULES = YES;
				CLANG_ENABLE_OBJC_ARC = YES;
				CLANG_ENABLE_OBJC_WEAK = YES;
				CLANG_WARN_BLOCK_CAPTURE_AUTORELEASING = YES;
				CLANG_WARN_BOOL_CONVERSION = YES;
				CLANG_WARN_COMMA = YES;
				CLANG_WARN_CONSTANT_CONVERSION = YES;
				CLANG_WARN_DEPRECATED_OBJC_IMPLEMENTATIONS = YES;
				CLANG_WARN_DIRECT_OBJC_ISA_USAGE = YES_ERROR;
				CLANG_WARN_DOCUMENTATION_COMMENTS = YES;
				CLANG_WARN_EMPTY_BODY = YES;
				CLANG_WARN_ENUM_CONVERSION = YES;
				CLANG_WARN_INFINITE_RECURSION = YES;
				CLANG_WARN_INT_CONVERSION = YES;
				CLANG_WARN_NON_LITERAL_NULL_CONVERSION = YES;
				CLANG_WARN_OBJC_IMPLICIT_RETAIN_SELF = YES;
				CLANG_WARN_OBJC_LITERAL_CONVERSION = YES;
				CLANG_WARN_OBJC_ROOT_CLASS = YES_ERROR;
				CLANG_WARN_QUOTED_INCLUDE_IN_FRAMEWORK_HEADER = YES;
				CLANG_WARN_RANGE_LOOP_ANALYSIS = YES;
				CLANG_WARN_STRICT_PROTOTYPES = YES;
				CLANG_WARN_SUSPICIOUS_MOVE = YES;
				CLANG_WARN_UNGUARDED_AVAILABILITY = YES_AGGRESSIVE;
				CLANG_WARN_UNREACHABLE_CODE = YES;
				CLANG_WARN__DUPLICATE_METHOD_MATCH = YES;
				COPY_PHASE_STRIP = NO;
				DEBUG_INFORMATION_FORMAT = dwarf;
				ENABLE_STRICT_OBJC_MSGSEND = YES;
				ENABLE_TESTABILITY = NO;
				ENABLE_USER_SCRIPT_SANDBOXING = YES;
				GCC_C_LANGUAGE_STANDARD = gnu17;
				GCC_DYNAMIC_NO_PIC = NO;
				GCC_NO_COMMON_BLOCKS = YES;
				GCC_OPTIMIZATION_LEVEL = 0;
				GCC_PREPROCESSOR_DEFINITIONS = (
					"DEBUG=1",
					"$(inherited)",
				);
				GCC_WARN_64_TO_32_BIT_CONVERSION = YES;
				GCC_WARN_ABOUT_RETURN_TYPE = YES_ERROR;
				GCC_WARN_UNDECLARED_SELECTOR = YES;
				GCC_WARN_UNINITIALIZED_AUTOS = YES_AGGRESSIVE;
				GCC_WARN_UNUSED_FUNCTION = YES;
				GCC_WARN_UNUSED_VARIABLE = YES;
				INFOPLIST_KEY_NSLocalNetworkUsageDescription = "";
				INFOPLIST_KEY_NSLocationAlwaysAndWhenInUseUsageDescription = "";
				IPHONEOS_DEPLOYMENT_TARGET = 17.0;
				LOCALIZATION_PREFERS_STRING_CATALOGS = YES;
				MTL_ENABLE_DEBUG_INFO = INCLUDE_SOURCE;
				MTL_FAST_MATH = YES;
				ONLY_ACTIVE_ARCH = YES;
				SDKROOT = iphoneos;
				SWIFT_ACTIVE_COMPILATION_CONDITIONS = "DEBUG $(inherited)";
				SWIFT_OPTIMIZATION_LEVEL = "-Onone";
			};
			name = Debug;
		};
		B70D4AD12A3B1AC100C90991 /* Release */ = {
			isa = XCBuildConfiguration;
			buildSettings = {
				ALWAYS_SEARCH_USER_PATHS = NO;
				ASSETCATALOG_COMPILER_GENERATE_SWIFT_ASSET_SYMBOL_EXTENSIONS = YES;
				CLANG_ANALYZER_NONNULL = YES;
				CLANG_ANALYZER_NUMBER_OBJECT_CONVERSION = YES_AGGRESSIVE;
				CLANG_CXX_LANGUAGE_STANDARD = "gnu++20";
				CLANG_ENABLE_MODULES = YES;
				CLANG_ENABLE_OBJC_ARC = YES;
				CLANG_ENABLE_OBJC_WEAK = YES;
				CLANG_WARN_BLOCK_CAPTURE_AUTORELEASING = YES;
				CLANG_WARN_BOOL_CONVERSION = YES;
				CLANG_WARN_COMMA = YES;
				CLANG_WARN_CONSTANT_CONVERSION = YES;
				CLANG_WARN_DEPRECATED_OBJC_IMPLEMENTATIONS = YES;
				CLANG_WARN_DIRECT_OBJC_ISA_USAGE = YES_ERROR;
				CLANG_WARN_DOCUMENTATION_COMMENTS = YES;
				CLANG_WARN_EMPTY_BODY = YES;
				CLANG_WARN_ENUM_CONVERSION = YES;
				CLANG_WARN_INFINITE_RECURSION = YES;
				CLANG_WARN_INT_CONVERSION = YES;
				CLANG_WARN_NON_LITERAL_NULL_CONVERSION = YES;
				CLANG_WARN_OBJC_IMPLICIT_RETAIN_SELF = YES;
				CLANG_WARN_OBJC_LITERAL_CONVERSION = YES;
				CLANG_WARN_OBJC_ROOT_CLASS = YES_ERROR;
				CLANG_WARN_QUOTED_INCLUDE_IN_FRAMEWORK_HEADER = YES;
				CLANG_WARN_RANGE_LOOP_ANALYSIS = YES;
				CLANG_WARN_STRICT_PROTOTYPES = YES;
				CLANG_WARN_SUSPICIOUS_MOVE = YES;
				CLANG_WARN_UNGUARDED_AVAILABILITY = YES_AGGRESSIVE;
				CLANG_WARN_UNREACHABLE_CODE = YES;
				CLANG_WARN__DUPLICATE_METHOD_MATCH = YES;
				COPY_PHASE_STRIP = NO;
				DEBUG_INFORMATION_FORMAT = "dwarf-with-dsym";
				ENABLE_NS_ASSERTIONS = NO;
				ENABLE_STRICT_OBJC_MSGSEND = YES;
				ENABLE_TESTABILITY = NO;
				ENABLE_USER_SCRIPT_SANDBOXING = YES;
				GCC_C_LANGUAGE_STANDARD = gnu17;
				GCC_NO_COMMON_BLOCKS = YES;
				GCC_WARN_64_TO_32_BIT_CONVERSION = YES;
				GCC_WARN_ABOUT_RETURN_TYPE = YES_ERROR;
				GCC_WARN_UNDECLARED_SELECTOR = YES;
				GCC_WARN_UNINITIALIZED_AUTOS = YES_AGGRESSIVE;
				GCC_WARN_UNUSED_FUNCTION = YES;
				GCC_WARN_UNUSED_VARIABLE = YES;
				INFOPLIST_KEY_NSLocalNetworkUsageDescription = "";
				IPHONEOS_DEPLOYMENT_TARGET = 17.0;
				LOCALIZATION_PREFERS_STRING_CATALOGS = YES;
				MTL_ENABLE_DEBUG_INFO = NO;
				MTL_FAST_MATH = YES;
				SDKROOT = iphoneos;
				SWIFT_COMPILATION_MODE = wholemodule;
				VALIDATE_PRODUCT = YES;
			};
			name = Release;
		};
		B70D4AD32A3B1AC100C90991 /* Debug */ = {
			isa = XCBuildConfiguration;
			buildSettings = {
				ASSETCATALOG_COMPILER_APPICON_NAME = AppIcon;
				ASSETCATALOG_COMPILER_GLOBAL_ACCENT_COLOR_NAME = AccentColor;
				CODE_SIGN_STYLE = Automatic;
				CURRENT_PROJECT_VERSION = 1;
				DEVELOPMENT_ASSET_PATHS = "\"CityDrive/Resourses/Preview Content\"";
				DEVELOPMENT_TEAM = P47CZ87RVS;
				ENABLE_PREVIEWS = YES;
				GENERATE_INFOPLIST_FILE = YES;
				INFOPLIST_FILE = CityDrive/Resourses/Info.plist;
				INFOPLIST_KEY_CFBundleDisplayName = CityDrive;
				INFOPLIST_KEY_NSLocalNetworkUsageDescription = "";
				INFOPLIST_KEY_NSLocationAlwaysAndWhenInUseUsageDescription = "Разрешите геопозицию";
				INFOPLIST_KEY_NSLocationWhenInUseUsageDescription = "Разрешите геопозицию";
				INFOPLIST_KEY_UIApplicationSceneManifest_Generation = YES;
				INFOPLIST_KEY_UIApplicationSupportsIndirectInputEvents = YES;
				INFOPLIST_KEY_UILaunchScreen_Generation = YES;
				INFOPLIST_KEY_UISupportedInterfaceOrientations = UIInterfaceOrientationPortrait;
				INFOPLIST_KEY_UISupportedInterfaceOrientations_iPad = "UIInterfaceOrientationLandscapeLeft UIInterfaceOrientationLandscapeRight UIInterfaceOrientationPortrait";
				INFOPLIST_KEY_UIUserInterfaceStyle = Automatic;
				LD_RUNPATH_SEARCH_PATHS = (
					"$(inherited)",
					"@executable_path/Frameworks",
				);
				MARKETING_VERSION = 1.0;
				PRODUCT_BUNDLE_IDENTIFIER = ubahwin.CityDrive;
				PRODUCT_NAME = "$(TARGET_NAME)";
				SWIFT_EMIT_LOC_STRINGS = YES;
				SWIFT_VERSION = 5.0;
				TARGETED_DEVICE_FAMILY = "1,2";
			};
			name = Debug;
		};
		B70D4AD42A3B1AC100C90991 /* Release */ = {
			isa = XCBuildConfiguration;
			buildSettings = {
				ASSETCATALOG_COMPILER_APPICON_NAME = AppIcon;
				ASSETCATALOG_COMPILER_GLOBAL_ACCENT_COLOR_NAME = AccentColor;
				CODE_SIGN_STYLE = Automatic;
				CURRENT_PROJECT_VERSION = 1;
				DEVELOPMENT_ASSET_PATHS = "\"CityDrive/Resourses/Preview Content\"";
				DEVELOPMENT_TEAM = P47CZ87RVS;
				ENABLE_PREVIEWS = YES;
				GENERATE_INFOPLIST_FILE = YES;
				INFOPLIST_FILE = CityDrive/Resourses/Info.plist;
				INFOPLIST_KEY_CFBundleDisplayName = CityDrive;
				INFOPLIST_KEY_NSLocalNetworkUsageDescription = "";
				INFOPLIST_KEY_NSLocationAlwaysAndWhenInUseUsageDescription = "Разрешите геопозицию";
				INFOPLIST_KEY_NSLocationWhenInUseUsageDescription = "Разрешите геопозицию";
				INFOPLIST_KEY_UIApplicationSceneManifest_Generation = YES;
				INFOPLIST_KEY_UIApplicationSupportsIndirectInputEvents = YES;
				INFOPLIST_KEY_UILaunchScreen_Generation = YES;
				INFOPLIST_KEY_UISupportedInterfaceOrientations = UIInterfaceOrientationPortrait;
				INFOPLIST_KEY_UISupportedInterfaceOrientations_iPad = "UIInterfaceOrientationLandscapeLeft UIInterfaceOrientationLandscapeRight UIInterfaceOrientationPortrait";
				INFOPLIST_KEY_UIUserInterfaceStyle = Automatic;
				LD_RUNPATH_SEARCH_PATHS = (
					"$(inherited)",
					"@executable_path/Frameworks",
				);
				MARKETING_VERSION = 1.0;
				PRODUCT_BUNDLE_IDENTIFIER = ubahwin.CityDrive;
				PRODUCT_NAME = "$(TARGET_NAME)";
				SWIFT_EMIT_LOC_STRINGS = YES;
				SWIFT_VERSION = 5.0;
				TARGETED_DEVICE_FAMILY = "1,2";
			};
			name = Release;
		};
		B72AE6BB2A76E79C0015B139 /* Debug */ = {
			isa = XCBuildConfiguration;
			buildSettings = {
				BUNDLE_LOADER = "$(TEST_HOST)";
				CODE_SIGN_STYLE = Automatic;
				CURRENT_PROJECT_VERSION = 1;
				DEVELOPMENT_TEAM = P47CZ87RVS;
				ENABLE_TESTABILITY = YES;
				GENERATE_INFOPLIST_FILE = YES;
				MARKETING_VERSION = 1.0;
				PRODUCT_BUNDLE_IDENTIFIER = ubahwin.CityDriveTests;
				PRODUCT_NAME = "$(TARGET_NAME)";
				SWIFT_EMIT_LOC_STRINGS = NO;
				SWIFT_VERSION = 5.0;
				TARGETED_DEVICE_FAMILY = "1,2";
				TEST_HOST = "$(BUILT_PRODUCTS_DIR)/CityDrive.app/$(BUNDLE_EXECUTABLE_FOLDER_PATH)/CityDrive";
			};
			name = Debug;
		};
		B72AE6BC2A76E79C0015B139 /* Release */ = {
			isa = XCBuildConfiguration;
			buildSettings = {
				BUNDLE_LOADER = "$(TEST_HOST)";
				CODE_SIGN_STYLE = Automatic;
				CURRENT_PROJECT_VERSION = 1;
				DEVELOPMENT_TEAM = P47CZ87RVS;
				GENERATE_INFOPLIST_FILE = YES;
				MARKETING_VERSION = 1.0;
				PRODUCT_BUNDLE_IDENTIFIER = ubahwin.CityDriveTests;
				PRODUCT_NAME = "$(TARGET_NAME)";
				SWIFT_EMIT_LOC_STRINGS = NO;
				SWIFT_VERSION = 5.0;
				TARGETED_DEVICE_FAMILY = "1,2";
				TEST_HOST = "$(BUILT_PRODUCTS_DIR)/CityDrive.app/$(BUNDLE_EXECUTABLE_FOLDER_PATH)/CityDrive";
			};
			name = Release;
		};
/* End XCBuildConfiguration section */

/* Begin XCConfigurationList section */
		B70D4ABF2A3B1ABF00C90991 /* Build configuration list for PBXProject "CityDrive" */ = {
			isa = XCConfigurationList;
			buildConfigurations = (
				B70D4AD02A3B1AC100C90991 /* Debug */,
				B70D4AD12A3B1AC100C90991 /* Release */,
			);
			defaultConfigurationIsVisible = 0;
			defaultConfigurationName = Release;
		};
		B70D4AD22A3B1AC100C90991 /* Build configuration list for PBXNativeTarget "CityDrive" */ = {
			isa = XCConfigurationList;
			buildConfigurations = (
				B70D4AD32A3B1AC100C90991 /* Debug */,
				B70D4AD42A3B1AC100C90991 /* Release */,
			);
			defaultConfigurationIsVisible = 0;
			defaultConfigurationName = Release;
		};
		B72AE6BD2A76E79C0015B139 /* Build configuration list for PBXNativeTarget "CityDriveTests" */ = {
			isa = XCConfigurationList;
			buildConfigurations = (
				B72AE6BB2A76E79C0015B139 /* Debug */,
				B72AE6BC2A76E79C0015B139 /* Release */,
			);
			defaultConfigurationIsVisible = 0;
			defaultConfigurationName = Release;
		};
/* End XCConfigurationList section */

/* Begin XCRemoteSwiftPackageReference section */
		B7A44FCC2A573F06003FCBD4 /* XCRemoteSwiftPackageReference "SwiftKeychainWrapper" */ = {
			isa = XCRemoteSwiftPackageReference;
			repositoryURL = "https://github.com/jrendel/SwiftKeychainWrapper";
			requirement = {
				kind = upToNextMajorVersion;
				minimumVersion = 4.0.1;
			};
		};
/* End XCRemoteSwiftPackageReference section */

/* Begin XCSwiftPackageProductDependency section */
		B7A44FCD2A573F06003FCBD4 /* SwiftKeychainWrapper */ = {
			isa = XCSwiftPackageProductDependency;
			package = B7A44FCC2A573F06003FCBD4 /* XCRemoteSwiftPackageReference "SwiftKeychainWrapper" */;
			productName = SwiftKeychainWrapper;
		};
/* End XCSwiftPackageProductDependency section */
	};
	rootObject = B70D4ABC2A3B1ABF00C90991 /* Project object */;
}
